{"version":4,"terraform_version":"1.11.6","serial":29,"lineage":"eb0e71cd-84f3-1b89-7fce-9787d19b7a7b","outputs":{},"resources":[{"mode":"managed","type":"aws_subnet","name":"public_1","provider":"provider[\"registry.opentofu.org/hashicorp/aws\"]","instances":[{"schema_version":1,"attributes":{"arn":"arn:aws:ec2:us-west-2:025066243697:subnet/subnet-03a005874ed16f1f9","assign_ipv6_address_on_creation":false,"availability_zone":"us-west-2a","availability_zone_id":"usw2-az1","cidr_block":"192.168.1.0/24","customer_owned_ipv4_pool":"","enable_dns64":false,"enable_lni_at_device_index":0,"enable_resource_name_dns_a_record_on_launch":false,"enable_resource_name_dns_aaaa_record_on_launch":false,"id":"subnet-03a005874ed16f1f9","ipv6_cidr_block":"","ipv6_cidr_block_association_id":"","ipv6_native":false,"map_customer_owned_ip_on_launch":false,"map_public_ip_on_launch":true,"outpost_arn":"","owner_id":"025066243697","private_dns_hostname_type_on_launch":"ip-name","tags":{"Name":"public-subnet-2a","app":"Emmanuel'svpc-test","contact":"Emmanuel Sedas","elcid":"itclarch"},"tags_all":{"Name":"public-subnet-2a","app":"Emmanuel'svpc-test","contact":"Emmanuel Sedas","elcid":"itclarch"},"timeouts":null,"vpc_id":"vpc-0e262978a2d077844"},"sensitive_attributes":[],"private":"eyJlMmJmYjczMC1lY2FhLTExZTYtOGY4OC0zNDM2M2JjN2M0YzAiOnsiY3JlYXRlIjo2MDAwMDAwMDAwMDAsImRlbGV0ZSI6MTIwMDAwMDAwMDAwMH0sInNjaGVtYV92ZXJzaW9uIjoiMSJ9","dependencies":["aws_vpc.mycustomvpc"]}]},{"mode":"managed","type":"aws_subnet","name":"public_2","provider":"provider[\"registry.opentofu.org/hashicorp/aws\"]","instances":[{"schema_version":1,"attributes":{"arn":"arn:aws:ec2:us-west-2:025066243697:subnet/subnet-02d367fdb9c371996","assign_ipv6_address_on_creation":false,"availability_zone":"us-west-2b","availability_zone_id":"usw2-az2","cidr_block":"192.168.2.0/24","customer_owned_ipv4_pool":"","enable_dns64":false,"enable_lni_at_device_index":0,"enable_resource_name_dns_a_record_on_launch":false,"enable_resource_name_dns_aaaa_record_on_launch":false,"id":"subnet-02d367fdb9c371996","ipv6_cidr_block":"","ipv6_cidr_block_association_id":"","ipv6_native":false,"map_customer_owned_ip_on_launch":false,"map_public_ip_on_launch":true,"outpost_arn":"","owner_id":"025066243697","private_dns_hostname_type_on_launch":"ip-name","tags":{"Name":"public-subnet-2b","app":"Emmanuel'svpc-test","contact":"Emmanuel Sedas","elcid":"itclarch"},"tags_all":{"Name":"public-subnet-2b","app":"Emmanuel'svpc-test","contact":"Emmanuel Sedas","elcid":"itclarch"},"timeouts":null,"vpc_id":"vpc-0e262978a2d077844"},"sensitive_attributes":[],"private":"eyJlMmJmYjczMC1lY2FhLTExZTYtOGY4OC0zNDM2M2JjN2M0YzAiOnsiY3JlYXRlIjo2MDAwMDAwMDAwMDAsImRlbGV0ZSI6MTIwMDAwMDAwMDAwMH0sInNjaGVtYV92ZXJzaW9uIjoiMSJ9","dependencies":["aws_vpc.mycustomvpc"]}]},{"mode":"managed","type":"aws_vpc","name":"mycustomvpc","provider":"provider[\"registry.opentofu.org/hashicorp/aws\"]","instances":[{"schema_version":1,"attributes":{"arn":"arn:aws:ec2:us-west-2:025066243697:vpc/vpc-0e262978a2d077844","assign_generated_ipv6_cidr_block":false,"cidr_block":"192.168.0.0/16","default_network_acl_id":"acl-035274f5453cc8cff","default_route_table_id":"rtb-0574b1eb2e7f23c03","default_security_group_id":"sg-03d542b2c239bc6bc","dhcp_options_id":"dopt-0be01aae3b93d768f","enable_dns_hostnames":true,"enable_dns_support":true,"enable_network_address_usage_metrics":false,"id":"vpc-0e262978a2d077844","instance_tenancy":"default","ipv4_ipam_pool_id":null,"ipv4_netmask_length":null,"ipv6_association_id":"","ipv6_cidr_block":"","ipv6_cidr_block_network_border_group":"","ipv6_ipam_pool_id":"","ipv6_netmask_length":0,"main_route_table_id":"rtb-0574b1eb2e7f23c03","owner_id":"025066243697","tags":{"Name":"Emmanuel'VPC-demo","app":"Emmanuel'VPC-demo","contct":"Emmanuel Sedas","elcid":"itclarch","env":"test"},"tags_all":{"Name":"Emmanuel'VPC-demo","app":"Emmanuel'VPC-demo","contct":"Emmanuel Sedas","elcid":"itclarch","env":"test"}},"sensitive_attributes":[],"private":"eyJzY2hlbWFfdmVyc2lvbiI6IjEifQ=="}]}],"check_results":null}
